// !$*UTF8*$!
{
	archiveVersion = 1;
	classes = {
	};
	objectVersion = 50;
	objects = {

/* Begin PBXBuildFile section */
		47B973D3240D38E20091E176 /* AppDelegate.swift in Sources */ = {isa = PBXBuildFile; fileRef = 47B973D2240D38E20091E176 /* AppDelegate.swift */; };
		47B973D5240D38E20091E176 /* SceneDelegate.swift in Sources */ = {isa = PBXBuildFile; fileRef = 47B973D4240D38E20091E176 /* SceneDelegate.swift */; };
		47B973D7240D38E20091E176 /* ViewController.swift in Sources */ = {isa = PBXBuildFile; fileRef = 47B973D6240D38E20091E176 /* ViewController.swift */; };
		47B973DA240D38E20091E176 /* Main.storyboard in Resources */ = {isa = PBXBuildFile; fileRef = 47B973D8240D38E20091E176 /* Main.storyboard */; };
		47B973DC240D38E40091E176 /* Assets.xcassets in Resources */ = {isa = PBXBuildFile; fileRef = 47B973DB240D38E40091E176 /* Assets.xcassets */; };
		47B973DF240D38E40091E176 /* LaunchScreen.storyboard in Resources */ = {isa = PBXBuildFile; fileRef = 47B973DD240D38E40091E176 /* LaunchScreen.storyboard */; };
		47B973E9240D39BD0091E176 /* CanvasView.swift in Sources */ = {isa = PBXBuildFile; fileRef = 47B973E8240D39BD0091E176 /* CanvasView.swift */; };
		47E17FD424213120003FF508 /* GearWheel.swift in Sources */ = {isa = PBXBuildFile; fileRef = 47E17FD324213120003FF508 /* GearWheel.swift */; };
		47E17FD7242167A1003FF508 /* Circle.swift in Sources */ = {isa = PBXBuildFile; fileRef = 47E17FD6242167A1003FF508 /* Circle.swift */; };
		47E17FD9242167F9003FF508 /* Utils.swift in Sources */ = {isa = PBXBuildFile; fileRef = 47E17FD8242167F9003FF508 /* Utils.swift */; };
/* End PBXBuildFile section */

/* Begin PBXFileReference section */
		47B973CF240D38E20091E176 /* TestEndLessPaper.app */ = {isa = PBXFileReference; explicitFileType = wrapper.application; includeInIndex = 0; path = TestEndLessPaper.app; sourceTree = BUILT_PRODUCTS_DIR; };
		47B973D2240D38E20091E176 /* AppDelegate.swift */ = {isa = PBXFileReference; lastKnownFileType = sourcecode.swift; path = AppDelegate.swift; sourceTree = "<group>"; };
		47B973D4240D38E20091E176 /* SceneDelegate.swift */ = {isa = PBXFileReference; lastKnownFileType = sourcecode.swift; path = SceneDelegate.swift; sourceTree = "<group>"; };
		47B973D6240D38E20091E176 /* ViewController.swift */ = {isa = PBXFileReference; lastKnownFileType = sourcecode.swift; path = ViewController.swift; sourceTree = "<group>"; };
		47B973D9240D38E20091E176 /* Base */ = {isa = PBXFileReference; lastKnownFileType = file.storyboard; name = Base; path = Base.lproj/Main.storyboard; sourceTree = "<group>"; };
		47B973DB240D38E40091E176 /* Assets.xcassets */ = {isa = PBXFileReference; lastKnownFileType = folder.assetcatalog; path = Assets.xcassets; sourceTree = "<group>"; };
		47B973DE240D38E40091E176 /* Base */ = {isa = PBXFileReference; lastKnownFileType = file.storyboard; name = Base; path = Base.lproj/LaunchScreen.storyboard; sourceTree = "<group>"; };
		47B973E0240D38E40091E176 /* Info.plist */ = {isa = PBXFileReference; lastKnownFileType = text.plist.xml; path = Info.plist; sourceTree = "<group>"; };
		47B973E8240D39BD0091E176 /* CanvasView.swift */ = {isa = PBXFileReference; lastKnownFileType = sourcecode.swift; path = CanvasView.swift; sourceTree = "<group>"; };
		47E17FD324213120003FF508 /* GearWheel.swift */ = {isa = PBXFileReference; lastKnownFileType = sourcecode.swift; path = GearWheel.swift; sourceTree = "<group>"; };
		47E17FD6242167A1003FF508 /* Circle.swift */ = {isa = PBXFileReference; lastKnownFileType = sourcecode.swift; path = Circle.swift; sourceTree = "<group>"; };
		47E17FD8242167F9003FF508 /* Utils.swift */ = {isa = PBXFileReference; lastKnownFileType = sourcecode.swift; path = Utils.swift; sourceTree = "<group>"; };
/* End PBXFileReference section */

/* Begin PBXFrameworksBuildPhase section */
		47B973CC240D38E20091E176 /* Frameworks */ = {
			isa = PBXFrameworksBuildPhase;
			buildActionMask = 2147483647;
			files = (
			);
			runOnlyForDeploymentPostprocessing = 0;
		};
/* End PBXFrameworksBuildPhase section */

/* Begin PBXGroup section */
		47B973C6240D38E20091E176 = {
			isa = PBXGroup;
			children = (
				47B973D1240D38E20091E176 /* TestEndLessPaper */,
				47B973D0240D38E20091E176 /* Products */,
			);
			sourceTree = "<group>";
		};
		47B973D0240D38E20091E176 /* Products */ = {
			isa = PBXGroup;
			children = (
				47B973CF240D38E20091E176 /* TestEndLessPaper.app */,
			);
			name = Products;
			sourceTree = "<group>";
		};
		47B973D1240D38E20091E176 /* TestEndLessPaper */ = {
			isa = PBXGroup;
			children = (
				47B973D2240D38E20091E176 /* AppDelegate.swift */,
				47B973D4240D38E20091E176 /* SceneDelegate.swift */,
				47B973D6240D38E20091E176 /* ViewController.swift */,
				47B973D8240D38E20091E176 /* Main.storyboard */,
				47B973DB240D38E40091E176 /* Assets.xcassets */,
				47B973DD240D38E40091E176 /* LaunchScreen.storyboard */,
				47B973E0240D38E40091E176 /* Info.plist */,
				47B973E8240D39BD0091E176 /* CanvasView.swift */,
				47E17FD324213120003FF508 /* GearWheel.swift */,
				47E17FD6242167A1003FF508 /* Circle.swift */,
				47E17FD8242167F9003FF508 /* Utils.swift */,
			);
			path = TestEndLessPaper;
			sourceTree = "<group>";
		};
/* End PBXGroup section */

/* Begin PBXNativeTarget section */
		47B973CE240D38E20091E176 /* TestEndLessPaper */ = {
			isa = PBXNativeTarget;
			buildConfigurationList = 47B973E3240D38E40091E176 /* Build configuration list for PBXNativeTarget "TestEndLessPaper" */;
			buildPhases = (
				47B973CB240D38E20091E176 /* Sources */,
				47B973CC240D38E20091E176 /* Frameworks */,
				47B973CD240D38E20091E176 /* Resources */,
			);
			buildRules = (
			);
			dependencies = (
			);
			name = TestEndLessPaper;
			productName = TestEndLessPaper;
			productReference = 47B973CF240D38E20091E176 /* TestEndLessPaper.app */;
			productType = "com.apple.product-type.application";
		};
/* End PBXNativeTarget section */

/* Begin PBXProject section */
		47B973C7240D38E20091E176 /* Project object */ = {
			isa = PBXProject;
			attributes = {
				LastSwiftUpdateCheck = 1130;
				LastUpgradeCheck = 1130;
				ORGANIZATIONNAME = "Quentin Jeanningros";
				TargetAttributes = {
					47B973CE240D38E20091E176 = {
						CreatedOnToolsVersion = 11.3.1;
					};
				};
			};
			buildConfigurationList = 47B973CA240D38E20091E176 /* Build configuration list for PBXProject "TestEndLessPaper" */;
			compatibilityVersion = "Xcode 9.3";
			developmentRegion = en;
			hasScannedForEncodings = 0;
			knownRegions = (
				en,
				Base,
			);
			mainGroup = 47B973C6240D38E20091E176;
			productRefGroup = 47B973D0240D38E20091E176 /* Products */;
			projectDirPath = "";
			projectRoot = "";
			targets = (
				47B973CE240D38E20091E176 /* TestEndLessPaper */,
			);
		};
/* End PBXProject section */

/* Begin PBXResourcesBuildPhase section */
		47B973CD240D38E20091E176 /* Resources */ = {
			isa = PBXResourcesBuildPhase;
			buildActionMask = 2147483647;
			files = (
				47B973DF240D38E40091E176 /* LaunchScreen.storyboard in Resources */,
				47B973DC240D38E40091E176 /* Assets.xcassets in Resources */,
				47B973DA240D38E20091E176 /* Main.storyboard in Resources */,
			);
			runOnlyForDeploymentPostprocessing = 0;
		};
/* End PBXResourcesBuildPhase section */

/* Begin PBXSourcesBuildPhase section */
		47B973CB240D38E20091E176 /* Sources */ = {
			isa = PBXSourcesBuildPhase;
			buildActionMask = 2147483647;
			files = (
				47B973D7240D38E20091E176 /* ViewController.swift in Sources */,
				47E17FD424213120003FF508 /* GearWheel.swift in Sources */,
				47B973D3240D38E20091E176 /* AppDelegate.swift in Sources */,
				47E17FD9242167F9003FF508 /* Utils.swift in Sources */,
				47B973E9240D39BD0091E176 /* CanvasView.swift in Sources */,
				47B973D5240D38E20091E176 /* SceneDelegate.swift in Sources */,
				47E17FD7242167A1003FF508 /* Circle.swift in Sources */,
			);
			runOnlyForDeploymentPostprocessing = 0;
		};
/* End PBXSourcesBuildPhase section */

/* Begin PBXVariantGroup section */
		47B973D8240D38E20091E176 /* Main.storyboard */ = {
			isa = PBXVariantGroup;
			children = (
				47B973D9240D38E20091E176 /* Base */,
			);
			name = Main.storyboard;
			sourceTree = "<group>";
		};
		47B973DD240D38E40091E176 /* LaunchScreen.storyboard */ = {
			isa = PBXVariantGroup;
			children = (
				47B973DE240D38E40091E176 /* Base */,
			);
			name = LaunchScreen.storyboard;
			sourceTree = "<group>";
		};
/* End PBXVariantGroup section */

/* Begin XCBuildConfiguration section */
		47B973E1240D38E40091E176 /* Debug */ = {
			isa = XCBuildConfiguration;
			buildSettings = {
				ALWAYS_SEARCH_USER_PATHS = NO;
				CLANG_ANALYZER_NONNULL = YES;
				CLANG_ANALYZER_NUMBER_OBJECT_CONVERSION = YES_AGGRESSIVE;
				CLANG_CXX_LANGUAGE_STANDARD = "gnu++14";
				CLANG_CXX_LIBRARY = "libc++";
				CLANG_ENABLE_MODULES = YES;
				CLANG_ENABLE_OBJC_ARC = YES;
				CLANG_ENABLE_OBJC_WEAK = YES;
				CLANG_WARN_BLOCK_CAPTURE_AUTORELEASING = YES;
				CLANG_WARN_BOOL_CONVERSION = YES;
				CLANG_WARN_COMMA = YES;
				CLANG_WARN_CONSTANT_CONVERSION = YES;
				CLANG_WARN_DEPRECATED_OBJC_IMPLEMENTATIONS = YES;
				CLANG_WARN_DIRECT_OBJC_ISA_USAGE = YES_ERROR;
				CLANG_WARN_DOCUMENTATION_COMMENTS = YES;
				CLANG_WARN_EMPTY_BODY = YES;
				CLANG_WARN_ENUM_CONVERSION = YES;
				CLANG_WARN_INFINITE_RECURSION = YES;
				CLANG_WARN_INT_CONVERSION = YES;
				CLANG_WARN_NON_LITERAL_NULL_CONVERSION = YES;
				CLANG_WARN_OBJC_IMPLICIT_RETAIN_SELF = YES;
				CLANG_WARN_OBJC_LITERAL_CONVERSION = YES;
				CLANG_WARN_OBJC_ROOT_CLASS = YES_ERROR;
				CLANG_WARN_RANGE_LOOP_ANALYSIS = YES;
				CLANG_WARN_STRICT_PROTOTYPES = YES;
				CLANG_WARN_SUSPICIOUS_MOVE = YES;
				CLANG_WARN_UNGUARDED_AVAILABILITY = YES_AGGRESSIVE;
				CLANG_WARN_UNREACHABLE_CODE = YES;
				CLANG_WARN__DUPLICATE_METHOD_MATCH = YES;
				COPY_PHASE_STRIP = NO;
				DEBUG_INFORMATION_FORMAT = dwarf;
				ENABLE_STRICT_OBJC_MSGSEND = YES;
				ENABLE_TESTABILITY = YES;
				GCC_C_LANGUAGE_STANDARD = gnu11;
				GCC_DYNAMIC_NO_PIC = NO;
				GCC_NO_COMMON_BLOCKS = YES;
				GCC_OPTIMIZATION_LEVEL = 0;
				GCC_PREPROCESSOR_DEFINITIONS = (
					"DEBUG=1",
					"$(inherited)",
				);
				GCC_WARN_64_TO_32_BIT_CONVERSION = YES;
				GCC_WARN_ABOUT_RETURN_TYPE = YES_ERROR;
				GCC_WARN_UNDECLARED_SELECTOR = YES;
				GCC_WARN_UNINITIALIZED_AUTOS = YES_AGGRESSIVE;
				GCC_WARN_UNUSED_FUNCTION = YES;
				GCC_WARN_UNUSED_VARIABLE = YES;
				IPHONEOS_DEPLOYMENT_TARGET = 13.2;
				MTL_ENABLE_DEBUG_INFO = INCLUDE_SOURCE;
				MTL_FAST_MATH = YES;
				ONLY_ACTIVE_ARCH = YES;
				SDKROOT = iphoneos;
				SWIFT_ACTIVE_COMPILATION_CONDITIONS = DEBUG;
				SWIFT_OPTIMIZATION_LEVEL = "-Onone";
			};
			name = Debug;
		};
		47B973E2240D38E40091E176 /* Release */ = {
			isa = XCBuildConfiguration;
			buildSettings = {
				ALWAYS_SEARCH_USER_PATHS = NO;
				CLANG_ANALYZER_NONNULL = YES;
				CLANG_ANALYZER_NUMBER_OBJECT_CONVERSION = YES_AGGRESSIVE;
				CLANG_CXX_LANGUAGE_STANDARD = "gnu++14";
				CLANG_CXX_LIBRARY = "libc++";
				CLANG_ENABLE_MODULES = YES;
				CLANG_ENABLE_OBJC_ARC = YES;
				CLANG_ENABLE_OBJC_WEAK = YES;
				CLANG_WARN_BLOCK_CAPTURE_AUTORELEASING = YES;
				CLANG_WARN_BOOL_CONVERSION = YES;
				CLANG_WARN_COMMA = YES;
				CLANG_WARN_CONSTANT_CONVERSION = YES;
				CLANG_WARN_DEPRECATED_OBJC_IMPLEMENTATIONS = YES;
				CLANG_WARN_DIRECT_OBJC_ISA_USAGE = YES_ERROR;
				CLANG_WARN_DOCUMENTATION_COMMENTS = YES;
				CLANG_WARN_EMPTY_BODY = YES;
				CLANG_WARN_ENUM_CONVERSION = YES;
				CLANG_WARN_INFINITE_RECURSION = YES;
				CLANG_WARN_INT_CONVERSION = YES;
				CLANG_WARN_NON_LITERAL_NULL_CONVERSION = YES;
				CLANG_WARN_OBJC_IMPLICIT_RETAIN_SELF = YES;
				CLANG_WARN_OBJC_LITERAL_CONVERSION = YES;
				CLANG_WARN_OBJC_ROOT_CLASS = YES_ERROR;
				CLANG_WARN_RANGE_LOOP_ANALYSIS = YES;
				CLANG_WARN_STRICT_PROTOTYPES = YES;
				CLANG_WARN_SUSPICIOUS_MOVE = YES;
				CLANG_WARN_UNGUARDED_AVAILABILITY = YES_AGGRESSIVE;
				CLANG_WARN_UNREACHABLE_CODE = YES;
				CLANG_WARN__DUPLICATE_METHOD_MATCH = YES;
				COPY_PHASE_STRIP = NO;
				DEBUG_INFORMATION_FORMAT = "dwarf-with-dsym";
				ENABLE_NS_ASSERTIONS = NO;
				ENABLE_STRICT_OBJC_MSGSEND = YES;
				GCC_C_LANGUAGE_STANDARD = gnu11;
				GCC_NO_COMMON_BLOCKS = YES;
				GCC_WARN_64_TO_32_BIT_CONVERSION = YES;
				GCC_WARN_ABOUT_RETURN_TYPE = YES_ERROR;
				GCC_WARN_UNDECLARED_SELECTOR = YES;
				GCC_WARN_UNINITIALIZED_AUTOS = YES_AGGRESSIVE;
				GCC_WARN_UNUSED_FUNCTION = YES;
				GCC_WARN_UNUSED_VARIABLE = YES;
				IPHONEOS_DEPLOYMENT_TARGET = 13.2;
				MTL_ENABLE_DEBUG_INFO = NO;
				MTL_FAST_MATH = YES;
				SDKROOT = iphoneos;
				SWIFT_COMPILATION_MODE = wholemodule;
				SWIFT_OPTIMIZATION_LEVEL = "-O";
				VALIDATE_PRODUCT = YES;
			};
			name = Release;
		};
		47B973E4240D38E40091E176 /* Debug */ = {
			isa = XCBuildConfiguration;
			buildSettings = {
				ASSETCATALOG_COMPILER_APPICON_NAME = AppIcon;
				CODE_SIGN_STYLE = Automatic;
				DEVELOPMENT_TEAM = SA6DRL73M2;
				INFOPLIST_FILE = TestEndLessPaper/Info.plist;
				LD_RUNPATH_SEARCH_PATHS = (
					"$(inherited)",
					"@executable_path/Frameworks",
				);
				PRODUCT_BUNDLE_IDENTIFIER = com.quentinjeanningros.TestEndLessPaper;
				PRODUCT_NAME = "$(TARGET_NAME)";
				SWIFT_VERSION = 5.0;
				TARGETED_DEVICE_FAMILY = "1,2";
			};
			name = Debug;
		};
		47B973E5240D38E40091E176 /* Release */ = {
			isa = XCBuildConfiguration;
			buildSettings = {
				ASSETCATALOG_COMPILER_APPICON_NAME = AppIcon;
				CODE_SIGN_STYLE = Automatic;
				DEVELOPMENT_TEAM = SA6DRL73M2;
				INFOPLIST_FILE = TestEndLessPaper/Info.plist;
				LD_RUNPATH_SEARCH_PATHS = (
					"$(inherited)",
					"@executable_path/Frameworks",
				);
				PRODUCT_BUNDLE_IDENTIFIER = com.quentinjeanningros.TestEndLessPaper;
				PRODUCT_NAME = "$(TARGET_NAME)";
				SWIFT_VERSION = 5.0;
				TARGETED_DEVICE_FAMILY = "1,2";
			};
			name = Release;
		};
/* End XCBuildConfiguration section */

/* Begin XCConfigurationList section */
		47B973CA240D38E20091E176 /* Build configuration list for PBXProject "TestEndLessPaper" */ = {
			isa = XCConfigurationList;
			buildConfigurations = (
				47B973E1240D38E40091E176 /* Debug */,
				47B973E2240D38E40091E176 /* Release */,
			);
			defaultConfigurationIsVisible = 0;
			defaultConfigurationName = Release;
		};
		47B973E3240D38E40091E176 /* Build configuration list for PBXNativeTarget "TestEndLessPaper" */ = {
			isa = XCConfigurationList;
			buildConfigurations = (
				47B973E4240D38E40091E176 /* Debug */,
				47B973E5240D38E40091E176 /* Release */,
			);
			defaultConfigurationIsVisible = 0;
			defaultConfigurationName = Release;
		};
/* End XCConfigurationList section */
	};
	rootObject = 47B973C7240D38E20091E176 /* Project object */;
}
